
Microsoft Visual Studio Solution File, Format Version 12.00
# Visual Studio Version 17
VisualStudioVersion = 17.8.34511.84
MinimumVisualStudioVersion = 10.0.40219.1
Project("{9A19103F-16F7-4668-BE54-9A1E7A4F7556}") = "MlStart", "..\MlStart\MlStart\MlStart.csproj", "{B9B7D7B4-0724-401F-A4D0-EDFE93C9EF28}"
EndProject
Global
	GlobalSection(SolutionConfigurationPlatforms) = preSolution
		Debug|Any CPU = Debug|Any CPU
		Release|Any CPU = Release|Any CPU
	EndGlobalSection
	GlobalSection(ProjectConfigurationPlatforms) = postSolution
		{B9B7D7B4-0724-401F-A4D0-EDFE93C9EF28}.Debug|Any CPU.ActiveCfg = Debug|Any CPU
		{B9B7D7B4-0724-401F-A4D0-EDFE93C9EF28}.Debug|Any CPU.Build.0 = Debug|Any CPU
		{B9B7D7B4-0724-401F-A4D0-EDFE93C9EF28}.Release|Any CPU.ActiveCfg = Release|Any CPU
		{B9B7D7B4-0724-401F-A4D0-EDFE93C9EF28}.Release|Any CPU.Build.0 = Release|Any CPU
	EndGlobalSection
	GlobalSection(SolutionProperties) = preSolution
		HideSolutionNode = FALSE
	EndGlobalSection
	GlobalSection(ExtensibilityGlobals) = postSolution
		SolutionGuid = {92F8FD20-2B94-4419-BB04-3B95386C3D9C}
	EndGlobalSection
EndGlobal
